
Microsoft Visual Studio Solution File, Format Version 12.00
# Visual Studio Version 16
VisualStudioVersion = 16.0.29519.181
MinimumVisualStudioVersion = 10.0.40219.1
Project("{FAE04EC0-301F-11D3-BF4B-00C04F79EFBC}") = "PointerConversions", "PointerConversions\PointerConversions.csproj", "{A6AA6D25-F7D3-4002-A3ED-20B81200250F}"
EndProject
Global
	GlobalSection(SolutionConfigurationPlatforms) = preSolution
		Debug|Any CPU = Debug|Any CPU
		Release|Any CPU = Release|Any CPU
	EndGlobalSection
	GlobalSection(ProjectConfigurationPlatforms) = postSolution
		{A6AA6D25-F7D3-4002-A3ED-20B81200250F}.Debug|Any CPU.ActiveCfg = Debug|Any CPU
		{A6AA6D25-F7D3-4002-A3ED-20B81200250F}.Debug|Any CPU.Build.0 = Debug|Any CPU
		{A6AA6D25-F7D3-4002-A3ED-20B81200250F}.Release|Any CPU.ActiveCfg = Release|Any CPU
		{A6AA6D25-F7D3-4002-A3ED-20B81200250F}.Release|Any CPU.Build.0 = Release|Any CPU
	EndGlobalSection
	GlobalSection(SolutionProperties) = preSolution
		HideSolutionNode = FALSE
	EndGlobalSection
	GlobalSection(ExtensibilityGlobals) = postSolution
		SolutionGuid = {3003AEA0-1420-4BE2-912D-14EA05B216C6}
	EndGlobalSection
EndGlobal
